
Microsoft Visual Studio Solution File, Format Version 12.00
# Visual Studio Version 16
VisualStudioVersion = 16.0.31005.135
MinimumVisualStudioVersion = 10.0.40219.1
Project("{FAE04EC0-301F-11D3-BF4B-00C04F79EFBC}") = "Pricing03112021.UWP", "Pricing03112021.UWP\Pricing03112021.UWP.csproj", "{BCA2585D-56DC-403D-B940-D9F18EC88539}"
EndProject
Project("{FAE04EC0-301F-11D3-BF4B-00C04F79EFBC}") = "Pricing03112021.Android", "Pricing03112021.Android\Pricing03112021.Android.csproj", "{422CC619-3DF2-432E-9827-5E30A2DC1FCC}"
EndProject
Project("{FAE04EC0-301F-11D3-BF4B-00C04F79EFBC}") = "Pricing03112021.iOS", "Pricing03112021.iOS\Pricing03112021.iOS.csproj", "{2E4EEB23-0B17-44A5-8E9A-08FFDA084DAC}"
EndProject
Project("{FAE04EC0-301F-11D3-BF4B-00C04F79EFBC}") = "Pricing03112021", "Pricing03112021\Pricing03112021.csproj", "{7F358279-E448-43F6-8B9C-D83218A37ECA}"
EndProject
Global
	GlobalSection(SolutionConfigurationPlatforms) = preSolution
		Debug|Any CPU = Debug|Any CPU
		Debug|ARM = Debug|ARM
		Debug|iPhone = Debug|iPhone
		Debug|iPhoneSimulator = Debug|iPhoneSimulator
		Debug|x64 = Debug|x64
		Debug|x86 = Debug|x86
		Release|Any CPU = Release|Any CPU
		Release|ARM = Release|ARM
		Release|iPhone = Release|iPhone
		Release|iPhoneSimulator = Release|iPhoneSimulator
		Release|x64 = Release|x64
		Release|x86 = Release|x86
	EndGlobalSection
	GlobalSection(ProjectConfigurationPlatforms) = postSolution
		{BCA2585D-56DC-403D-B940-D9F18EC88539}.Debug|Any CPU.ActiveCfg = Debug|x86
		{BCA2585D-56DC-403D-B940-D9F18EC88539}.Debug|Any CPU.Build.0 = Debug|x86
		{BCA2585D-56DC-403D-B940-D9F18EC88539}.Debug|Any CPU.Deploy.0 = Debug|x86
		{BCA2585D-56DC-403D-B940-D9F18EC88539}.Debug|ARM.ActiveCfg = Debug|ARM
		{BCA2585D-56DC-403D-B940-D9F18EC88539}.Debug|ARM.Build.0 = Debug|ARM
		{BCA2585D-56DC-403D-B940-D9F18EC88539}.Debug|ARM.Deploy.0 = Debug|ARM
		{BCA2585D-56DC-403D-B940-D9F18EC88539}.Debug|iPhone.ActiveCfg = Debug|x86
		{BCA2585D-56DC-403D-B940-D9F18EC88539}.Debug|iPhone.Build.0 = Debug|x86
		{BCA2585D-56DC-403D-B940-D9F18EC88539}.Debug|iPhone.Deploy.0 = Debug|x86
		{BCA2585D-56DC-403D-B940-D9F18EC88539}.Debug|iPhoneSimulator.ActiveCfg = Debug|x86
		{BCA2585D-56DC-403D-B940-D9F18EC88539}.Debug|iPhoneSimulator.Build.0 = Debug|x86
		{BCA2585D-56DC-403D-B940-D9F18EC88539}.Debug|iPhoneSimulator.Deploy.0 = Debug|x86
		{BCA2585D-56DC-403D-B940-D9F18EC88539}.Debug|x64.ActiveCfg = Debug|x64
		{BCA2585D-56DC-403D-B940-D9F18EC88539}.Debug|x64.Build.0 = Debug|x64
		{BCA2585D-56DC-403D-B940-D9F18EC88539}.Debug|x64.Deploy.0 = Debug|x64
		{BCA2585D-56DC-403D-B940-D9F18EC88539}.Debug|x86.ActiveCfg = Debug|x86
		{BCA2585D-56DC-403D-B940-D9F18EC88539}.Debug|x86.Build.0 = Debug|x86
		{BCA2585D-56DC-403D-B940-D9F18EC88539}.Debug|x86.Deploy.0 = Debug|x86
		{BCA2585D-56DC-403D-B940-D9F18EC88539}.Release|Any CPU.ActiveCfg = Release|x86
		{BCA2585D-56DC-403D-B940-D9F18EC88539}.Release|Any CPU.Build.0 = Release|x86
		{BCA2585D-56DC-403D-B940-D9F18EC88539}.Release|Any CPU.Deploy.0 = Release|x86
		{BCA2585D-56DC-403D-B940-D9F18EC88539}.Release|ARM.ActiveCfg = Release|ARM
		{BCA2585D-56DC-403D-B940-D9F18EC88539}.Release|ARM.Build.0 = Release|ARM
		{BCA2585D-56DC-403D-B940-D9F18EC88539}.Release|ARM.Deploy.0 = Release|ARM
		{BCA2585D-56DC-403D-B940-D9F18EC88539}.Release|iPhone.ActiveCfg = Release|x86
		{BCA2585D-56DC-403D-B940-D9F18EC88539}.Release|iPhone.Build.0 = Release|x86
		{BCA2585D-56DC-403D-B940-D9F18EC88539}.Release|iPhone.Deploy.0 = Release|x86
		{BCA2585D-56DC-403D-B940-D9F18EC88539}.Release|iPhoneSimulator.ActiveCfg = Release|x86
		{BCA2585D-56DC-403D-B940-D9F18EC88539}.Release|iPhoneSimulator.Build.0 = Release|x86
		{BCA2585D-56DC-403D-B940-D9F18EC88539}.Release|iPhoneSimulator.Deploy.0 = Release|x86
		{BCA2585D-56DC-403D-B940-D9F18EC88539}.Release|x64.ActiveCfg = Release|x64
		{BCA2585D-56DC-403D-B940-D9F18EC88539}.Release|x64.Build.0 = Release|x64
		{BCA2585D-56DC-403D-B940-D9F18EC88539}.Release|x64.Deploy.0 = Release|x64
		{BCA2585D-56DC-403D-B940-D9F18EC88539}.Release|x86.ActiveCfg = Release|x86
		{BCA2585D-56DC-403D-B940-D9F18EC88539}.Release|x86.Build.0 = Release|x86
		{BCA2585D-56DC-403D-B940-D9F18EC88539}.Release|x86.Deploy.0 = Release|x86
		{422CC619-3DF2-432E-9827-5E30A2DC1FCC}.Debug|Any CPU.ActiveCfg = Debug|Any CPU
		{422CC619-3DF2-432E-9827-5E30A2DC1FCC}.Debug|Any CPU.Build.0 = Debug|Any CPU
		{422CC619-3DF2-432E-9827-5E30A2DC1FCC}.Debug|Any CPU.Deploy.0 = Debug|Any CPU
		{422CC619-3DF2-432E-9827-5E30A2DC1FCC}.Debug|ARM.ActiveCfg = Debug|Any CPU
		{422CC619-3DF2-432E-9827-5E30A2DC1FCC}.Debug|ARM.Build.0 = Debug|Any CPU
		{422CC619-3DF2-432E-9827-5E30A2DC1FCC}.Debug|ARM.Deploy.0 = Debug|Any CPU
		{422CC619-3DF2-432E-9827-5E30A2DC1FCC}.Debug|iPhone.ActiveCfg = Debug|Any CPU
		{422CC619-3DF2-432E-9827-5E30A2DC1FCC}.Debug|iPhone.Build.0 = Debug|Any CPU
		{422CC619-3DF2-432E-9827-5E30A2DC1FCC}.Debug|iPhone.Deploy.0 = Debug|Any CPU
		{422CC619-3DF2-432E-9827-5E30A2DC1FCC}.Debug|iPhoneSimulator.ActiveCfg = Debug|Any CPU
		{422CC619-3DF2-432E-9827-5E30A2DC1FCC}.Debug|iPhoneSimulator.Build.0 = Debug|Any CPU
		{422CC619-3DF2-432E-9827-5E30A2DC1FCC}.Debug|iPhoneSimulator.Deploy.0 = Debug|Any CPU
		{422CC619-3DF2-432E-9827-5E30A2DC1FCC}.Debug|x64.ActiveCfg = Debug|Any CPU
		{422CC619-3DF2-432E-9827-5E30A2DC1FCC}.Debug|x64.Build.0 = Debug|Any CPU
		{422CC619-3DF2-432E-9827-5E30A2DC1FCC}.Debug|x64.Deploy.0 = Debug|Any CPU
		{422CC619-3DF2-432E-9827-5E30A2DC1FCC}.Debug|x86.ActiveCfg = Debug|Any CPU
		{422CC619-3DF2-432E-9827-5E30A2DC1FCC}.Debug|x86.Build.0 = Debug|Any CPU
		{422CC619-3DF2-432E-9827-5E30A2DC1FCC}.Debug|x86.Deploy.0 = Debug|Any CPU
		{422CC619-3DF2-432E-9827-5E30A2DC1FCC}.Release|Any CPU.ActiveCfg = Release|Any CPU
		{422CC619-3DF2-432E-9827-5E30A2DC1FCC}.Release|Any CPU.Build.0 = Release|Any CPU
		{422CC619-3DF2-432E-9827-5E30A2DC1FCC}.Release|Any CPU.Deploy.0 = Release|Any CPU
		{422CC619-3DF2-432E-9827-5E30A2DC1FCC}.Release|ARM.ActiveCfg = Release|Any CPU
		{422CC619-3DF2-432E-9827-5E30A2DC1FCC}.Release|ARM.Build.0 = Release|Any CPU
		{422CC619-3DF2-432E-9827-5E30A2DC1FCC}.Release|ARM.Deploy.0 = Release|Any CPU
		{422CC619-3DF2-432E-9827-5E30A2DC1FCC}.Release|iPhone.ActiveCfg = Release|Any CPU
		{422CC619-3DF2-432E-9827-5E30A2DC1FCC}.Release|iPhone.Build.0 = Release|Any CPU
		{422CC619-3DF2-432E-9827-5E30A2DC1FCC}.Release|iPhone.Deploy.0 = Release|Any CPU
		{422CC619-3DF2-432E-9827-5E30A2DC1FCC}.Release|iPhoneSimulator.ActiveCfg = Release|Any CPU
		{422CC619-3DF2-432E-9827-5E30A2DC1FCC}.Release|iPhoneSimulator.Build.0 = Release|Any CPU
		{422CC619-3DF2-432E-9827-5E30A2DC1FCC}.Release|iPhoneSimulator.Deploy.0 = Release|Any CPU
		{422CC619-3DF2-432E-9827-5E30A2DC1FCC}.Release|x64.ActiveCfg = Release|Any CPU
		{422CC619-3DF2-432E-9827-5E30A2DC1FCC}.Release|x64.Build.0 = Release|Any CPU
		{422CC619-3DF2-432E-9827-5E30A2DC1FCC}.Release|x64.Deploy.0 = Release|Any CPU
		{422CC619-3DF2-432E-9827-5E30A2DC1FCC}.Release|x86.ActiveCfg = Release|Any CPU
		{422CC619-3DF2-432E-9827-5E30A2DC1FCC}.Release|x86.Build.0 = Release|Any CPU
		{422CC619-3DF2-432E-9827-5E30A2DC1FCC}.Release|x86.Deploy.0 = Release|Any CPU
		{2E4EEB23-0B17-44A5-8E9A-08FFDA084DAC}.Debug|Any CPU.ActiveCfg = Debug|iPhoneSimulator
		{2E4EEB23-0B17-44A5-8E9A-08FFDA084DAC}.Debug|Any CPU.Build.0 = Debug|iPhoneSimulator
		{2E4EEB23-0B17-44A5-8E9A-08FFDA084DAC}.Debug|Any CPU.Deploy.0 = Debug|iPhoneSimulator
		{2E4EEB23-0B17-44A5-8E9A-08FFDA084DAC}.Debug|ARM.ActiveCfg = Debug|iPhone
		{2E4EEB23-0B17-44A5-8E9A-08FFDA084DAC}.Debug|ARM.Build.0 = Debug|iPhone
		{2E4EEB23-0B17-44A5-8E9A-08FFDA084DAC}.Debug|ARM.Deploy.0 = Debug|iPhone
		{2E4EEB23-0B17-44A5-8E9A-08FFDA084DAC}.Debug|iPhone.ActiveCfg = Debug|iPhone
		{2E4EEB23-0B17-44A5-8E9A-08FFDA084DAC}.Debug|iPhone.Build.0 = Debug|iPhone
		{2E4EEB23-0B17-44A5-8E9A-08FFDA084DAC}.Debug|iPhone.Deploy.0 = Debug|iPhone
		{2E4EEB23-0B17-44A5-8E9A-08FFDA084DAC}.Debug|iPhoneSimulator.ActiveCfg = Debug|iPhoneSimulator
		{2E4EEB23-0B17-44A5-8E9A-08FFDA084DAC}.Debug|iPhoneSimulator.Build.0 = Debug|iPhoneSimulator
		{2E4EEB23-0B17-44A5-8E9A-08FFDA084DAC}.Debug|iPhoneSimulator.Deploy.0 = Debug|iPhoneSimulator
		{2E4EEB23-0B17-44A5-8E9A-08FFDA084DAC}.Debug|x64.ActiveCfg = Debug|iPhoneSimulator
		{2E4EEB23-0B17-44A5-8E9A-08FFDA084DAC}.Debug|x64.Build.0 = Debug|iPhoneSimulator
		{2E4EEB23-0B17-44A5-8E9A-08FFDA084DAC}.Debug|x64.Deploy.0 = Debug|iPhoneSimulator
		{2E4EEB23-0B17-44A5-8E9A-08FFDA084DAC}.Debug|x86.ActiveCfg = Debug|iPhoneSimulator
		{2E4EEB23-0B17-44A5-8E9A-08FFDA084DAC}.Debug|x86.Build.0 = Debug|iPhoneSimulator
		{2E4EEB23-0B17-44A5-8E9A-08FFDA084DAC}.Debug|x86.Deploy.0 = Debug|iPhoneSimulator
		{2E4EEB23-0B17-44A5-8E9A-08FFDA084DAC}.Release|Any CPU.ActiveCfg = Release|iPhoneSimulator
		{2E4EEB23-0B17-44A5-8E9A-08FFDA084DAC}.Release|Any CPU.Build.0 = Release|iPhoneSimulator
		{2E4EEB23-0B17-44A5-8E9A-08FFDA084DAC}.Release|Any CPU.Deploy.0 = Release|iPhoneSimulator
		{2E4EEB23-0B17-44A5-8E9A-08FFDA084DAC}.Release|ARM.ActiveCfg = Release|iPhoneSimulator
		{2E4EEB23-0B17-44A5-8E9A-08FFDA084DAC}.Release|ARM.Build.0 = Release|iPhoneSimulator
		{2E4EEB23-0B17-44A5-8E9A-08FFDA084DAC}.Release|ARM.Deploy.0 = Release|iPhoneSimulator
		{2E4EEB23-0B17-44A5-8E9A-08FFDA084DAC}.Release|iPhone.ActiveCfg = Release|iPhone
		{2E4EEB23-0B17-44A5-8E9A-08FFDA084DAC}.Release|iPhone.Build.0 = Release|iPhone
		{2E4EEB23-0B17-44A5-8E9A-08FFDA084DAC}.Release|iPhone.Deploy.0 = Release|iPhone
		{2E4EEB23-0B17-44A5-8E9A-08FFDA084DAC}.Release|iPhoneSimulator.ActiveCfg = Release|iPhoneSimulator
		{2E4EEB23-0B17-44A5-8E9A-08FFDA084DAC}.Release|iPhoneSimulator.Build.0 = Release|iPhoneSimulator
		{2E4EEB23-0B17-44A5-8E9A-08FFDA084DAC}.Release|iPhoneSimulator.Deploy.0 = Release|iPhoneSimulator
		{2E4EEB23-0B17-44A5-8E9A-08FFDA084DAC}.Release|x64.ActiveCfg = Release|iPhoneSimulator
		{2E4EEB23-0B17-44A5-8E9A-08FFDA084DAC}.Release|x64.Build.0 = Release|iPhoneSimulator
		{2E4EEB23-0B17-44A5-8E9A-08FFDA084DAC}.Release|x64.Deploy.0 = Release|iPhoneSimulator
		{2E4EEB23-0B17-44A5-8E9A-08FFDA084DAC}.Release|x86.ActiveCfg = Release|iPhoneSimulator
		{2E4EEB23-0B17-44A5-8E9A-08FFDA084DAC}.Release|x86.Build.0 = Release|iPhoneSimulator
		{2E4EEB23-0B17-44A5-8E9A-08FFDA084DAC}.Release|x86.Deploy.0 = Release|iPhoneSimulator
		{7F358279-E448-43F6-8B9C-D83218A37ECA}.Debug|Any CPU.ActiveCfg = Debug|Any CPU
		{7F358279-E448-43F6-8B9C-D83218A37ECA}.Debug|Any CPU.Build.0 = Debug|Any CPU
		{7F358279-E448-43F6-8B9C-D83218A37ECA}.Debug|Any CPU.Deploy.0 = Debug|Any CPU
		{7F358279-E448-43F6-8B9C-D83218A37ECA}.Debug|ARM.ActiveCfg = Debug|Any CPU
		{7F358279-E448-43F6-8B9C-D83218A37ECA}.Debug|ARM.Build.0 = Debug|Any CPU
		{7F358279-E448-43F6-8B9C-D83218A37ECA}.Debug|ARM.Deploy.0 = Debug|Any CPU
		{7F358279-E448-43F6-8B9C-D83218A37ECA}.Debug|iPhone.ActiveCfg = Debug|Any CPU
		{7F358279-E448-43F6-8B9C-D83218A37ECA}.Debug|iPhone.Build.0 = Debug|Any CPU
		{7F358279-E448-43F6-8B9C-D83218A37ECA}.Debug|iPhone.Deploy.0 = Debug|Any CPU
		{7F358279-E448-43F6-8B9C-D83218A37ECA}.Debug|iPhoneSimulator.ActiveCfg = Debug|Any CPU
		{7F358279-E448-43F6-8B9C-D83218A37ECA}.Debug|iPhoneSimulator.Build.0 = Debug|Any CPU
		{7F358279-E448-43F6-8B9C-D83218A37ECA}.Debug|iPhoneSimulator.Deploy.0 = Debug|Any CPU
		{7F358279-E448-43F6-8B9C-D83218A37ECA}.Debug|x64.ActiveCfg = Debug|Any CPU
		{7F358279-E448-43F6-8B9C-D83218A37ECA}.Debug|x64.Build.0 = Debug|Any CPU
		{7F358279-E448-43F6-8B9C-D83218A37ECA}.Debug|x64.Deploy.0 = Debug|Any CPU
		{7F358279-E448-43F6-8B9C-D83218A37ECA}.Debug|x86.ActiveCfg = Debug|Any CPU
		{7F358279-E448-43F6-8B9C-D83218A37ECA}.Debug|x86.Build.0 = Debug|Any CPU
		{7F358279-E448-43F6-8B9C-D83218A37ECA}.Debug|x86.Deploy.0 = Debug|Any CPU
		{7F358279-E448-43F6-8B9C-D83218A37ECA}.Release|Any CPU.ActiveCfg = Release|Any CPU
		{7F358279-E448-43F6-8B9C-D83218A37ECA}.Release|Any CPU.Build.0 = Release|Any CPU
		{7F358279-E448-43F6-8B9C-D83218A37ECA}.Release|Any CPU.Deploy.0 = Release|Any CPU
		{7F358279-E448-43F6-8B9C-D83218A37ECA}.Release|ARM.ActiveCfg = Release|Any CPU
		{7F358279-E448-43F6-8B9C-D83218A37ECA}.Release|ARM.Build.0 = Release|Any CPU
		{7F358279-E448-43F6-8B9C-D83218A37ECA}.Release|ARM.Deploy.0 = Release|Any CPU
		{7F358279-E448-43F6-8B9C-D83218A37ECA}.Release|iPhone.ActiveCfg = Release|Any CPU
		{7F358279-E448-43F6-8B9C-D83218A37ECA}.Release|iPhone.Build.0 = Release|Any CPU
		{7F358279-E448-43F6-8B9C-D83218A37ECA}.Release|iPhone.Deploy.0 = Release|Any CPU
		{7F358279-E448-43F6-8B9C-D83218A37ECA}.Release|iPhoneSimulator.ActiveCfg = Release|Any CPU
		{7F358279-E448-43F6-8B9C-D83218A37ECA}.Release|iPhoneSimulator.Build.0 = Release|Any CPU
		{7F358279-E448-43F6-8B9C-D83218A37ECA}.Release|iPhoneSimulator.Deploy.0 = Release|Any CPU
		{7F358279-E448-43F6-8B9C-D83218A37ECA}.Release|x64.ActiveCfg = Release|Any CPU
		{7F358279-E448-43F6-8B9C-D83218A37ECA}.Release|x64.Build.0 = Release|Any CPU
		{7F358279-E448-43F6-8B9C-D83218A37ECA}.Release|x64.Deploy.0 = Release|Any CPU
		{7F358279-E448-43F6-8B9C-D83218A37ECA}.Release|x86.ActiveCfg = Release|Any CPU
		{7F358279-E448-43F6-8B9C-D83218A37ECA}.Release|x86.Build.0 = Release|Any CPU
		{7F358279-E448-43F6-8B9C-D83218A37ECA}.Release|x86.Deploy.0 = Release|Any CPU
	EndGlobalSection
	GlobalSection(SolutionProperties) = preSolution
		HideSolutionNode = FALSE
	EndGlobalSection
	GlobalSection(ExtensibilityGlobals) = postSolution
		SolutionGuid = {6098FCB0-993D-450F-B500-9EBAD033B15B}
	EndGlobalSection
EndGlobal
